// !$*UTF8*$!
{
	archiveVersion = 1;
	classes = {
	};
	objectVersion = 46;
	objects = {

/* Begin PBXBuildFile section */
		2501AD181D28C8A000810EF6 /* AdobeCreativeSDKImageResources.bundle in Resources */ = {isa = PBXBuildFile; fileRef = 2501AD171D28C8A000810EF6 /* AdobeCreativeSDKImageResources.bundle */; };
		2501AD1A1D28C8B300810EF6 /* AdobeCreativeSDKCoreResources.bundle in Resources */ = {isa = PBXBuildFile; fileRef = 2501AD191D28C8B300810EF6 /* AdobeCreativeSDKCoreResources.bundle */; };
		2501AD1C1D28C94800810EF6 /* StoreKit.framework in Frameworks */ = {isa = PBXBuildFile; fileRef = 2501AD1B1D28C94800810EF6 /* StoreKit.framework */; };
		2501AD1E1D28C95200810EF6 /* QuartzCore.framework in Frameworks */ = {isa = PBXBuildFile; fileRef = 2501AD1D1D28C95200810EF6 /* QuartzCore.framework */; };
		2501AD201D28C95A00810EF6 /* OpenGLES.framework in Frameworks */ = {isa = PBXBuildFile; fileRef = 2501AD1F1D28C95A00810EF6 /* OpenGLES.framework */; };
		2501AD221D28C96200810EF6 /* MessageUI.framework in Frameworks */ = {isa = PBXBuildFile; fileRef = 2501AD211D28C96200810EF6 /* MessageUI.framework */; };
		2501AD241D28C97300810EF6 /* libz.1.2.5.tbd in Frameworks */ = {isa = PBXBuildFile; fileRef = 2501AD231D28C97300810EF6 /* libz.1.2.5.tbd */; };
		2501AD261D28C97F00810EF6 /* libsqlite3.0.tbd in Frameworks */ = {isa = PBXBuildFile; fileRef = 2501AD251D28C97F00810EF6 /* libsqlite3.0.tbd */; };
		2501AD281D28C98800810EF6 /* CoreData.framework in Frameworks */ = {isa = PBXBuildFile; fileRef = 2501AD271D28C98800810EF6 /* CoreData.framework */; };
		2501AD2A1D28C99100810EF6 /* Accelerate.framework in Frameworks */ = {isa = PBXBuildFile; fileRef = 2501AD291D28C99100810EF6 /* Accelerate.framework */; };
		2501AD2C1D28C99900810EF6 /* SystemConfiguration.framework in Frameworks */ = {isa = PBXBuildFile; fileRef = 2501AD2B1D28C99900810EF6 /* SystemConfiguration.framework */; };
		2501AD2E1D28C9B300810EF6 /* libz.tbd in Frameworks */ = {isa = PBXBuildFile; fileRef = 2501AD2D1D28C9B300810EF6 /* libz.tbd */; };
		2501AD301D28C9C100810EF6 /* libc++.tbd in Frameworks */ = {isa = PBXBuildFile; fileRef = 2501AD2F1D28C9C100810EF6 /* libc++.tbd */; };
		250FEB5B1D281D9B00A115B3 /* ESTabBarController.framework in Frameworks */ = {isa = PBXBuildFile; fileRef = 250FEB5A1D281D9B00A115B3 /* ESTabBarController.framework */; };
		250FEB5D1D281F7400A115B3 /* GoogleService-Info.plist in Resources */ = {isa = PBXBuildFile; fileRef = 250FEB5C1D281F7400A115B3 /* GoogleService-Info.plist */; };
		250FEB5F1D2820B000A115B3 /* Const.swift in Sources */ = {isa = PBXBuildFile; fileRef = 250FEB5E1D2820B000A115B3 /* Const.swift */; };
		250FEB631D282A4A00A115B3 /* SVProgressHUD.framework in Frameworks */ = {isa = PBXBuildFile; fileRef = 250FEB621D282A4A00A115B3 /* SVProgressHUD.framework */; };
		251B62531D27A2460022319A /* AppDelegate.swift in Sources */ = {isa = PBXBuildFile; fileRef = 251B62521D27A2460022319A /* AppDelegate.swift */; };
		251B62551D27A2460022319A /* ViewController.swift in Sources */ = {isa = PBXBuildFile; fileRef = 251B62541D27A2460022319A /* ViewController.swift */; };
		251B62581D27A2460022319A /* Main.storyboard in Resources */ = {isa = PBXBuildFile; fileRef = 251B62561D27A2460022319A /* Main.storyboard */; };
		251B625A1D27A2460022319A /* Assets.xcassets in Resources */ = {isa = PBXBuildFile; fileRef = 251B62591D27A2460022319A /* Assets.xcassets */; };
		251B625D1D27A2460022319A /* LaunchScreen.storyboard in Resources */ = {isa = PBXBuildFile; fileRef = 251B625B1D27A2460022319A /* LaunchScreen.storyboard */; };
		251B62651D27A2B90022319A /* LoginViewController.swift in Sources */ = {isa = PBXBuildFile; fileRef = 251B62641D27A2B90022319A /* LoginViewController.swift */; };
		251B62671D27A2E60022319A /* HomeViewViewController.swift in Sources */ = {isa = PBXBuildFile; fileRef = 251B62661D27A2E60022319A /* HomeViewViewController.swift */; };
		251B626B1D27A3790022319A /* ImageSelectViewController.swift in Sources */ = {isa = PBXBuildFile; fileRef = 251B626A1D27A3790022319A /* ImageSelectViewController.swift */; };
		251B626D1D27A3F20022319A /* PostViewController.swift in Sources */ = {isa = PBXBuildFile; fileRef = 251B626C1D27A3F20022319A /* PostViewController.swift */; };
		251B626F1D27A4DF0022319A /* SettingViewController.swift in Sources */ = {isa = PBXBuildFile; fileRef = 251B626E1D27A4DF0022319A /* SettingViewController.swift */; };
		258120381D28C6E600BEC9E8 /* AdobeCreativeSDKCore.framework in Frameworks */ = {isa = PBXBuildFile; fileRef = 258120361D28C6E600BEC9E8 /* AdobeCreativeSDKCore.framework */; };
		258120391D28C6E600BEC9E8 /* AdobeCreativeSDKImage.framework in Frameworks */ = {isa = PBXBuildFile; fileRef = 258120371D28C6E600BEC9E8 /* AdobeCreativeSDKImage.framework */; };
		9E4B740760A867376D85EBAC /* Pods_Instagram.framework in Frameworks */ = {isa = PBXBuildFile; fileRef = D90B2B3172F8E3EAB8CD7535 /* Pods_Instagram.framework */; };
/* End PBXBuildFile section */

/* Begin PBXFileReference section */
		2501AD171D28C8A000810EF6 /* AdobeCreativeSDKImageResources.bundle */ = {isa = PBXFileReference; lastKnownFileType = "wrapper.plug-in"; path = AdobeCreativeSDKImageResources.bundle; sourceTree = "<group>"; };
		2501AD191D28C8B300810EF6 /* AdobeCreativeSDKCoreResources.bundle */ = {isa = PBXFileReference; lastKnownFileType = "wrapper.plug-in"; path = AdobeCreativeSDKCoreResources.bundle; sourceTree = "<group>"; };
		2501AD1B1D28C94800810EF6 /* StoreKit.framework */ = {isa = PBXFileReference; lastKnownFileType = wrapper.framework; name = StoreKit.framework; path = System/Library/Frameworks/StoreKit.framework; sourceTree = SDKROOT; };
		2501AD1D1D28C95200810EF6 /* QuartzCore.framework */ = {isa = PBXFileReference; lastKnownFileType = wrapper.framework; name = QuartzCore.framework; path = System/Library/Frameworks/QuartzCore.framework; sourceTree = SDKROOT; };
		2501AD1F1D28C95A00810EF6 /* OpenGLES.framework */ = {isa = PBXFileReference; lastKnownFileType = wrapper.framework; name = OpenGLES.framework; path = System/Library/Frameworks/OpenGLES.framework; sourceTree = SDKROOT; };
		2501AD211D28C96200810EF6 /* MessageUI.framework */ = {isa = PBXFileReference; lastKnownFileType = wrapper.framework; name = MessageUI.framework; path = System/Library/Frameworks/MessageUI.framework; sourceTree = SDKROOT; };
		2501AD231D28C97300810EF6 /* libz.1.2.5.tbd */ = {isa = PBXFileReference; lastKnownFileType = "sourcecode.text-based-dylib-definition"; name = libz.1.2.5.tbd; path = usr/lib/libz.1.2.5.tbd; sourceTree = SDKROOT; };
		2501AD251D28C97F00810EF6 /* libsqlite3.0.tbd */ = {isa = PBXFileReference; lastKnownFileType = "sourcecode.text-based-dylib-definition"; name = libsqlite3.0.tbd; path = usr/lib/libsqlite3.0.tbd; sourceTree = SDKROOT; };
		2501AD271D28C98800810EF6 /* CoreData.framework */ = {isa = PBXFileReference; lastKnownFileType = wrapper.framework; name = CoreData.framework; path = System/Library/Frameworks/CoreData.framework; sourceTree = SDKROOT; };
		2501AD291D28C99100810EF6 /* Accelerate.framework */ = {isa = PBXFileReference; lastKnownFileType = wrapper.framework; name = Accelerate.framework; path = System/Library/Frameworks/Accelerate.framework; sourceTree = SDKROOT; };
		2501AD2B1D28C99900810EF6 /* SystemConfiguration.framework */ = {isa = PBXFileReference; lastKnownFileType = wrapper.framework; name = SystemConfiguration.framework; path = System/Library/Frameworks/SystemConfiguration.framework; sourceTree = SDKROOT; };
		2501AD2D1D28C9B300810EF6 /* libz.tbd */ = {isa = PBXFileReference; lastKnownFileType = "sourcecode.text-based-dylib-definition"; name = libz.tbd; path = usr/lib/libz.tbd; sourceTree = SDKROOT; };
		2501AD2F1D28C9C100810EF6 /* libc++.tbd */ = {isa = PBXFileReference; lastKnownFileType = "sourcecode.text-based-dylib-definition"; name = "libc++.tbd"; path = "usr/lib/libc++.tbd"; sourceTree = SDKROOT; };
		2501AD311D28CA2A00810EF6 /* Instagram-Bridging-Header.h */ = {isa = PBXFileReference; lastKnownFileType = sourcecode.c.h; path = "Instagram-Bridging-Header.h"; sourceTree = "<group>"; };
		250FEB5A1D281D9B00A115B3 /* ESTabBarController.framework */ = {isa = PBXFileReference; lastKnownFileType = wrapper.framework; name = ESTabBarController.framework; path = "../../Library/Developer/Xcode/DerivedData/Instagram-chftwfjpurfxswagurbzvpllwefa/Build/Products/Debug-iphonesimulator/ESTabBarController/ESTabBarController.framework"; sourceTree = "<group>"; };
		250FEB5C1D281F7400A115B3 /* GoogleService-Info.plist */ = {isa = PBXFileReference; fileEncoding = 4; lastKnownFileType = text.plist.xml; path = "GoogleService-Info.plist"; sourceTree = SOURCE_ROOT; };
		250FEB5E1D2820B000A115B3 /* Const.swift */ = {isa = PBXFileReference; fileEncoding = 4; lastKnownFileType = sourcecode.swift; path = Const.swift; sourceTree = "<group>"; };
		250FEB621D282A4A00A115B3 /* SVProgressHUD.framework */ = {isa = PBXFileReference; lastKnownFileType = wrapper.framework; name = SVProgressHUD.framework; path = "../../Library/Developer/Xcode/DerivedData/Instagram-chftwfjpurfxswagurbzvpllwefa/Build/Products/Debug-iphoneos/SVProgressHUD/SVProgressHUD.framework"; sourceTree = "<group>"; };
		251B624F1D27A2460022319A /* Instagram.app */ = {isa = PBXFileReference; explicitFileType = wrapper.application; includeInIndex = 0; path = Instagram.app; sourceTree = BUILT_PRODUCTS_DIR; };
		251B62521D27A2460022319A /* AppDelegate.swift */ = {isa = PBXFileReference; lastKnownFileType = sourcecode.swift; path = AppDelegate.swift; sourceTree = "<group>"; };
		251B62541D27A2460022319A /* ViewController.swift */ = {isa = PBXFileReference; lastKnownFileType = sourcecode.swift; path = ViewController.swift; sourceTree = "<group>"; };
		251B62571D27A2460022319A /* Base */ = {isa = PBXFileReference; lastKnownFileType = file.storyboard; name = Base; path = Base.lproj/Main.storyboard; sourceTree = "<group>"; };
		251B62591D27A2460022319A /* Assets.xcassets */ = {isa = PBXFileReference; lastKnownFileType = folder.assetcatalog; path = Assets.xcassets; sourceTree = "<group>"; };
		251B625C1D27A2460022319A /* Base */ = {isa = PBXFileReference; lastKnownFileType = file.storyboard; name = Base; path = Base.lproj/LaunchScreen.storyboard; sourceTree = "<group>"; };
		251B625E1D27A2460022319A /* Info.plist */ = {isa = PBXFileReference; lastKnownFileType = text.plist.xml; path = Info.plist; sourceTree = "<group>"; };
		251B62641D27A2B90022319A /* LoginViewController.swift */ = {isa = PBXFileReference; fileEncoding = 4; lastKnownFileType = sourcecode.swift; path = LoginViewController.swift; sourceTree = "<group>"; };
		251B62661D27A2E60022319A /* HomeViewViewController.swift */ = {isa = PBXFileReference; fileEncoding = 4; lastKnownFileType = sourcecode.swift; path = HomeViewViewController.swift; sourceTree = "<group>"; };
		251B626A1D27A3790022319A /* ImageSelectViewController.swift */ = {isa = PBXFileReference; fileEncoding = 4; lastKnownFileType = sourcecode.swift; name = ImageSelectViewController.swift; path = ../ImageSelectViewController.swift; sourceTree = "<group>"; };
		251B626C1D27A3F20022319A /* PostViewController.swift */ = {isa = PBXFileReference; fileEncoding = 4; lastKnownFileType = sourcecode.swift; path = PostViewController.swift; sourceTree = "<group>"; };
		251B626E1D27A4DF0022319A /* SettingViewController.swift */ = {isa = PBXFileReference; fileEncoding = 4; lastKnownFileType = sourcecode.swift; path = SettingViewController.swift; sourceTree = "<group>"; };
		258120361D28C6E600BEC9E8 /* AdobeCreativeSDKCore.framework */ = {isa = PBXFileReference; lastKnownFileType = wrapper.framework; path = AdobeCreativeSDKCore.framework; sourceTree = "<group>"; };
		258120371D28C6E600BEC9E8 /* AdobeCreativeSDKImage.framework */ = {isa = PBXFileReference; lastKnownFileType = wrapper.framework; path = AdobeCreativeSDKImage.framework; sourceTree = "<group>"; };
		A6574D4C0C052276782CF529 /* Pods-Instagram.debug.xcconfig */ = {isa = PBXFileReference; includeInIndex = 1; lastKnownFileType = text.xcconfig; name = "Pods-Instagram.debug.xcconfig"; path = "Pods/Target Support Files/Pods-Instagram/Pods-Instagram.debug.xcconfig"; sourceTree = "<group>"; };
		D90B2B3172F8E3EAB8CD7535 /* Pods_Instagram.framework */ = {isa = PBXFileReference; explicitFileType = wrapper.framework; includeInIndex = 0; path = Pods_Instagram.framework; sourceTree = BUILT_PRODUCTS_DIR; };
		DA007F46A4FA5F92BD07B163 /* Pods-Instagram.release.xcconfig */ = {isa = PBXFileReference; includeInIndex = 1; lastKnownFileType = text.xcconfig; name = "Pods-Instagram.release.xcconfig"; path = "Pods/Target Support Files/Pods-Instagram/Pods-Instagram.release.xcconfig"; sourceTree = "<group>"; };
/* End PBXFileReference section */

/* Begin PBXFrameworksBuildPhase section */
		251B624C1D27A2460022319A /* Frameworks */ = {
			isa = PBXFrameworksBuildPhase;
			buildActionMask = 2147483647;
			files = (
				2501AD301D28C9C100810EF6 /* libc++.tbd in Frameworks */,
				2501AD2E1D28C9B300810EF6 /* libz.tbd in Frameworks */,
				2501AD2C1D28C99900810EF6 /* SystemConfiguration.framework in Frameworks */,
				2501AD2A1D28C99100810EF6 /* Accelerate.framework in Frameworks */,
				2501AD281D28C98800810EF6 /* CoreData.framework in Frameworks */,
				2501AD261D28C97F00810EF6 /* libsqlite3.0.tbd in Frameworks */,
				2501AD241D28C97300810EF6 /* libz.1.2.5.tbd in Frameworks */,
				2501AD221D28C96200810EF6 /* MessageUI.framework in Frameworks */,
				2501AD201D28C95A00810EF6 /* OpenGLES.framework in Frameworks */,
				2501AD1E1D28C95200810EF6 /* QuartzCore.framework in Frameworks */,
				2501AD1C1D28C94800810EF6 /* StoreKit.framework in Frameworks */,
				250FEB631D282A4A00A115B3 /* SVProgressHUD.framework in Frameworks */,
				250FEB5B1D281D9B00A115B3 /* ESTabBarController.framework in Frameworks */,
				9E4B740760A867376D85EBAC /* Pods_Instagram.framework in Frameworks */,
				258120391D28C6E600BEC9E8 /* AdobeCreativeSDKImage.framework in Frameworks */,
				258120381D28C6E600BEC9E8 /* AdobeCreativeSDKCore.framework in Frameworks */,
			);
			runOnlyForDeploymentPostprocessing = 0;
		};
/* End PBXFrameworksBuildPhase section */

/* Begin PBXGroup section */
		251B62461D27A2460022319A = {
			isa = PBXGroup;
			children = (
				258120361D28C6E600BEC9E8 /* AdobeCreativeSDKCore.framework */,
				258120371D28C6E600BEC9E8 /* AdobeCreativeSDKImage.framework */,
				251B62511D27A2460022319A /* Instagram */,
				251B62501D27A2460022319A /* Products */,
				DAED32A64179CFEC82A5F965 /* Pods */,
				D03401262FD5492DBE58A8B4 /* Frameworks */,
			);
			sourceTree = "<group>";
		};
		251B62501D27A2460022319A /* Products */ = {
			isa = PBXGroup;
			children = (
				251B624F1D27A2460022319A /* Instagram.app */,
			);
			name = Products;
			sourceTree = "<group>";
		};
		251B62511D27A2460022319A /* Instagram */ = {
			isa = PBXGroup;
			children = (
				251B62521D27A2460022319A /* AppDelegate.swift */,
				2501AD171D28C8A000810EF6 /* AdobeCreativeSDKImageResources.bundle */,
				250FEB5E1D2820B000A115B3 /* Const.swift */,
				2501AD191D28C8B300810EF6 /* AdobeCreativeSDKCoreResources.bundle */,
				251B62541D27A2460022319A /* ViewController.swift */,
				251B626A1D27A3790022319A /* ImageSelectViewController.swift */,
				251B626E1D27A4DF0022319A /* SettingViewController.swift */,
				251B626C1D27A3F20022319A /* PostViewController.swift */,
				251B62661D27A2E60022319A /* HomeViewViewController.swift */,
				251B62641D27A2B90022319A /* LoginViewController.swift */,
				251B62591D27A2460022319A /* Assets.xcassets */,
				251B62561D27A2460022319A /* Main.storyboard */,
				251B625B1D27A2460022319A /* LaunchScreen.storyboard */,
				251B625E1D27A2460022319A /* Info.plist */,
				250FEB5C1D281F7400A115B3 /* GoogleService-Info.plist */,
				2501AD311D28CA2A00810EF6 /* Instagram-Bridging-Header.h */,
			);
			path = Instagram;
			sourceTree = "<group>";
		};
		D03401262FD5492DBE58A8B4 /* Frameworks */ = {
			isa = PBXGroup;
			children = (
				2501AD2F1D28C9C100810EF6 /* libc++.tbd */,
				2501AD2D1D28C9B300810EF6 /* libz.tbd */,
				2501AD2B1D28C99900810EF6 /* SystemConfiguration.framework */,
				2501AD291D28C99100810EF6 /* Accelerate.framework */,
				2501AD271D28C98800810EF6 /* CoreData.framework */,
				2501AD251D28C97F00810EF6 /* libsqlite3.0.tbd */,
				2501AD231D28C97300810EF6 /* libz.1.2.5.tbd */,
				2501AD211D28C96200810EF6 /* MessageUI.framework */,
				2501AD1F1D28C95A00810EF6 /* OpenGLES.framework */,
				2501AD1D1D28C95200810EF6 /* QuartzCore.framework */,
				2501AD1B1D28C94800810EF6 /* StoreKit.framework */,
				250FEB621D282A4A00A115B3 /* SVProgressHUD.framework */,
				250FEB5A1D281D9B00A115B3 /* ESTabBarController.framework */,
				D90B2B3172F8E3EAB8CD7535 /* Pods_Instagram.framework */,
			);
			name = Frameworks;
			sourceTree = "<group>";
		};
		DAED32A64179CFEC82A5F965 /* Pods */ = {
			isa = PBXGroup;
			children = (
				A6574D4C0C052276782CF529 /* Pods-Instagram.debug.xcconfig */,
				DA007F46A4FA5F92BD07B163 /* Pods-Instagram.release.xcconfig */,
			);
			name = Pods;
			sourceTree = "<group>";
		};
/* End PBXGroup section */

/* Begin PBXNativeTarget section */
		251B624E1D27A2460022319A /* Instagram */ = {
			isa = PBXNativeTarget;
			buildConfigurationList = 251B62611D27A2460022319A /* Build configuration list for PBXNativeTarget "Instagram" */;
			buildPhases = (
				20C746284697B74BA69F9A65 /* 📦 Check Pods Manifest.lock */,
				251B624B1D27A2460022319A /* Sources */,
				251B624C1D27A2460022319A /* Frameworks */,
				251B624D1D27A2460022319A /* Resources */,
				EB5B279B50B850FE792E9DDE /* 📦 Embed Pods Frameworks */,
				CC5BA527A111457C2C2DB124 /* 📦 Copy Pods Resources */,
			);
			buildRules = (
			);
			dependencies = (
			);
			name = Instagram;
			productName = Instagram;
			productReference = 251B624F1D27A2460022319A /* Instagram.app */;
			productType = "com.apple.product-type.application";
		};
/* End PBXNativeTarget section */

/* Begin PBXProject section */
		251B62471D27A2460022319A /* Project object */ = {
			isa = PBXProject;
			attributes = {
				LastSwiftUpdateCheck = 0730;
				LastUpgradeCheck = 0730;
				ORGANIZATIONNAME = devlpEiji;
				TargetAttributes = {
					251B624E1D27A2460022319A = {
						CreatedOnToolsVersion = 7.3.1;
						DevelopmentTeam = FX7HSBUUEK;
					};
				};
			};
			buildConfigurationList = 251B624A1D27A2460022319A /* Build configuration list for PBXProject "Instagram" */;
			compatibilityVersion = "Xcode 3.2";
			developmentRegion = English;
			hasScannedForEncodings = 0;
			knownRegions = (
				en,
				Base,
			);
			mainGroup = 251B62461D27A2460022319A;
			productRefGroup = 251B62501D27A2460022319A /* Products */;
			projectDirPath = "";
			projectRoot = "";
			targets = (
				251B624E1D27A2460022319A /* Instagram */,
			);
		};
/* End PBXProject section */

/* Begin PBXResourcesBuildPhase section */
		251B624D1D27A2460022319A /* Resources */ = {
			isa = PBXResourcesBuildPhase;
			buildActionMask = 2147483647;
			files = (
				2501AD1A1D28C8B300810EF6 /* AdobeCreativeSDKCoreResources.bundle in Resources */,
				251B625D1D27A2460022319A /* LaunchScreen.storyboard in Resources */,
				250FEB5D1D281F7400A115B3 /* GoogleService-Info.plist in Resources */,
				251B625A1D27A2460022319A /* Assets.xcassets in Resources */,
				2501AD181D28C8A000810EF6 /* AdobeCreativeSDKImageResources.bundle in Resources */,
				251B62581D27A2460022319A /* Main.storyboard in Resources */,
			);
			runOnlyForDeploymentPostprocessing = 0;
		};
/* End PBXResourcesBuildPhase section */

/* Begin PBXShellScriptBuildPhase section */
		20C746284697B74BA69F9A65 /* 📦 Check Pods Manifest.lock */ = {
			isa = PBXShellScriptBuildPhase;
			buildActionMask = 2147483647;
			files = (
			);
			inputPaths = (
			);
			name = "📦 Check Pods Manifest.lock";
			outputPaths = (
			);
			runOnlyForDeploymentPostprocessing = 0;
			shellPath = /bin/sh;
			shellScript = "diff \"${PODS_ROOT}/../Podfile.lock\" \"${PODS_ROOT}/Manifest.lock\" > /dev/null\nif [[ $? != 0 ]] ; then\n    cat << EOM\nerror: The sandbox is not in sync with the Podfile.lock. Run 'pod install' or update your CocoaPods installation.\nEOM\n    exit 1\nfi\n";
			showEnvVarsInLog = 0;
		};
		CC5BA527A111457C2C2DB124 /* 📦 Copy Pods Resources */ = {
			isa = PBXShellScriptBuildPhase;
			buildActionMask = 2147483647;
			files = (
			);
			inputPaths = (
			);
			name = "📦 Copy Pods Resources";
			outputPaths = (
			);
			runOnlyForDeploymentPostprocessing = 0;
			shellPath = /bin/sh;
			shellScript = "\"${SRCROOT}/Pods/Target Support Files/Pods-Instagram/Pods-Instagram-resources.sh\"\n";
			showEnvVarsInLog = 0;
		};
		EB5B279B50B850FE792E9DDE /* 📦 Embed Pods Frameworks */ = {
			isa = PBXShellScriptBuildPhase;
			buildActionMask = 2147483647;
			files = (
			);
			inputPaths = (
			);
			name = "📦 Embed Pods Frameworks";
			outputPaths = (
			);
			runOnlyForDeploymentPostprocessing = 0;
			shellPath = /bin/sh;
			shellScript = "\"${SRCROOT}/Pods/Target Support Files/Pods-Instagram/Pods-Instagram-frameworks.sh\"\n";
			showEnvVarsInLog = 0;
		};
/* End PBXShellScriptBuildPhase section */

/* Begin PBXSourcesBuildPhase section */
		251B624B1D27A2460022319A /* Sources */ = {
			isa = PBXSourcesBuildPhase;
			buildActionMask = 2147483647;
			files = (
				251B626D1D27A3F20022319A /* PostViewController.swift in Sources */,
				251B62651D27A2B90022319A /* LoginViewController.swift in Sources */,
				251B62551D27A2460022319A /* ViewController.swift in Sources */,
				251B62671D27A2E60022319A /* HomeViewViewController.swift in Sources */,
				251B626B1D27A3790022319A /* ImageSelectViewController.swift in Sources */,
				250FEB5F1D2820B000A115B3 /* Const.swift in Sources */,
				251B626F1D27A4DF0022319A /* SettingViewController.swift in Sources */,
				251B62531D27A2460022319A /* AppDelegate.swift in Sources */,
			);
			runOnlyForDeploymentPostprocessing = 0;
		};
/* End PBXSourcesBuildPhase section */

/* Begin PBXVariantGroup section */
		251B62561D27A2460022319A /* Main.storyboard */ = {
			isa = PBXVariantGroup;
			children = (
				251B62571D27A2460022319A /* Base */,
			);
			name = Main.storyboard;
			sourceTree = "<group>";
		};
		251B625B1D27A2460022319A /* LaunchScreen.storyboard */ = {
			isa = PBXVariantGroup;
			children = (
				251B625C1D27A2460022319A /* Base */,
			);
			name = LaunchScreen.storyboard;
			sourceTree = "<group>";
		};
/* End PBXVariantGroup section */

/* Begin XCBuildConfiguration section */
		251B625F1D27A2460022319A /* Debug */ = {
			isa = XCBuildConfiguration;
			buildSettings = {
				ALWAYS_SEARCH_USER_PATHS = NO;
				CLANG_ANALYZER_NONNULL = YES;
				CLANG_CXX_LANGUAGE_STANDARD = "gnu++0x";
				CLANG_CXX_LIBRARY = "libc++";
				CLANG_ENABLE_MODULES = YES;
				CLANG_ENABLE_OBJC_ARC = YES;
				CLANG_WARN_BOOL_CONVERSION = YES;
				CLANG_WARN_CONSTANT_CONVERSION = YES;
				CLANG_WARN_DIRECT_OBJC_ISA_USAGE = YES_ERROR;
				CLANG_WARN_EMPTY_BODY = YES;
				CLANG_WARN_ENUM_CONVERSION = YES;
				CLANG_WARN_INT_CONVERSION = YES;
				CLANG_WARN_OBJC_ROOT_CLASS = YES_ERROR;
				CLANG_WARN_UNREACHABLE_CODE = YES;
				CLANG_WARN__DUPLICATE_METHOD_MATCH = YES;
				"CODE_SIGN_IDENTITY[sdk=iphoneos*]" = "iPhone Developer";
				COPY_PHASE_STRIP = NO;
				DEBUG_INFORMATION_FORMAT = dwarf;
				ENABLE_STRICT_OBJC_MSGSEND = YES;
				ENABLE_TESTABILITY = YES;
				GCC_C_LANGUAGE_STANDARD = gnu99;
				GCC_DYNAMIC_NO_PIC = NO;
				GCC_NO_COMMON_BLOCKS = YES;
				GCC_OPTIMIZATION_LEVEL = 0;
				GCC_PREPROCESSOR_DEFINITIONS = (
					"DEBUG=1",
					"$(inherited)",
				);
				GCC_WARN_64_TO_32_BIT_CONVERSION = YES;
				GCC_WARN_ABOUT_RETURN_TYPE = YES_ERROR;
				GCC_WARN_UNDECLARED_SELECTOR = YES;
				GCC_WARN_UNINITIALIZED_AUTOS = YES_AGGRESSIVE;
				GCC_WARN_UNUSED_FUNCTION = YES;
				GCC_WARN_UNUSED_VARIABLE = YES;
				IPHONEOS_DEPLOYMENT_TARGET = 9.3;
				MTL_ENABLE_DEBUG_INFO = YES;
				ONLY_ACTIVE_ARCH = YES;
				SDKROOT = iphoneos;
				SWIFT_OPTIMIZATION_LEVEL = "-Onone";
			};
			name = Debug;
		};
		251B62601D27A2460022319A /* Release */ = {
			isa = XCBuildConfiguration;
			buildSettings = {
				ALWAYS_SEARCH_USER_PATHS = NO;
				CLANG_ANALYZER_NONNULL = YES;
				CLANG_CXX_LANGUAGE_STANDARD = "gnu++0x";
				CLANG_CXX_LIBRARY = "libc++";
				CLANG_ENABLE_MODULES = YES;
				CLANG_ENABLE_OBJC_ARC = YES;
				CLANG_WARN_BOOL_CONVERSION = YES;
				CLANG_WARN_CONSTANT_CONVERSION = YES;
				CLANG_WARN_DIRECT_OBJC_ISA_USAGE = YES_ERROR;
				CLANG_WARN_EMPTY_BODY = YES;
				CLANG_WARN_ENUM_CONVERSION = YES;
				CLANG_WARN_INT_CONVERSION = YES;
				CLANG_WARN_OBJC_ROOT_CLASS = YES_ERROR;
				CLANG_WARN_UNREACHABLE_CODE = YES;
				CLANG_WARN__DUPLICATE_METHOD_MATCH = YES;
				"CODE_SIGN_IDENTITY[sdk=iphoneos*]" = "iPhone Developer";
				COPY_PHASE_STRIP = NO;
				DEBUG_INFORMATION_FORMAT = "dwarf-with-dsym";
				ENABLE_NS_ASSERTIONS = NO;
				ENABLE_STRICT_OBJC_MSGSEND = YES;
				GCC_C_LANGUAGE_STANDARD = gnu99;
				GCC_NO_COMMON_BLOCKS = YES;
				GCC_WARN_64_TO_32_BIT_CONVERSION = YES;
				GCC_WARN_ABOUT_RETURN_TYPE = YES_ERROR;
				GCC_WARN_UNDECLARED_SELECTOR = YES;
				GCC_WARN_UNINITIALIZED_AUTOS = YES_AGGRESSIVE;
				GCC_WARN_UNUSED_FUNCTION = YES;
				GCC_WARN_UNUSED_VARIABLE = YES;
				IPHONEOS_DEPLOYMENT_TARGET = 9.3;
				MTL_ENABLE_DEBUG_INFO = NO;
				SDKROOT = iphoneos;
				VALIDATE_PRODUCT = YES;
			};
			name = Release;
		};
		251B62621D27A2460022319A /* Debug */ = {
			isa = XCBuildConfiguration;
			baseConfigurationReference = A6574D4C0C052276782CF529 /* Pods-Instagram.debug.xcconfig */;
			buildSettings = {
				ASSETCATALOG_COMPILER_APPICON_NAME = AppIcon;
				FRAMEWORK_SEARCH_PATHS = (
					"$(inherited)",
					"$(PROJECT_DIR)",
				);
				INFOPLIST_FILE = Instagram/Info.plist;
				LD_RUNPATH_SEARCH_PATHS = "$(inherited) @executable_path/Frameworks";
				PRODUCT_BUNDLE_IDENTIFIER = jp.techadademy.eiji.takahashi.Instagram;
				PRODUCT_NAME = "$(TARGET_NAME)";
				SWIFT_OBJC_BRIDGING_HEADER = "Instagram/Instagram-Bridging-Header.h";
			};
			name = Debug;
		};
		251B62631D27A2460022319A /* Release */ = {
			isa = XCBuildConfiguration;
			baseConfigurationReference = DA007F46A4FA5F92BD07B163 /* Pods-Instagram.release.xcconfig */;
			buildSettings = {
				ASSETCATALOG_COMPILER_APPICON_NAME = AppIcon;
				FRAMEWORK_SEARCH_PATHS = (
					"$(inherited)",
					"$(PROJECT_DIR)",
				);
				INFOPLIST_FILE = Instagram/Info.plist;
				LD_RUNPATH_SEARCH_PATHS = "$(inherited) @executable_path/Frameworks";
				PRODUCT_BUNDLE_IDENTIFIER = jp.techadademy.eiji.takahashi.Instagram;
				PRODUCT_NAME = "$(TARGET_NAME)";
				SWIFT_OBJC_BRIDGING_HEADER = "Instagram/Instagram-Bridging-Header.h";
			};
			name = Release;
		};
/* End XCBuildConfiguration section */

/* Begin XCConfigurationList section */
		251B624A1D27A2460022319A /* Build configuration list for PBXProject "Instagram" */ = {
			isa = XCConfigurationList;
			buildConfigurations = (
				251B625F1D27A2460022319A /* Debug */,
				251B62601D27A2460022319A /* Release */,
			);
			defaultConfigurationIsVisible = 0;
			defaultConfigurationName = Release;
		};
		251B62611D27A2460022319A /* Build configuration list for PBXNativeTarget "Instagram" */ = {
			isa = XCConfigurationList;
			buildConfigurations = (
				251B62621D27A2460022319A /* Debug */,
				251B62631D27A2460022319A /* Release */,
			);
			defaultConfigurationIsVisible = 0;
			defaultConfigurationName = Release;
		};
/* End XCConfigurationList section */
	};
	rootObject = 251B62471D27A2460022319A /* Project object */;
}
